
Microsoft Visual Studio Solution File, Format Version 12.00
# Visual Studio Version 16
VisualStudioVersion = 16.0.30717.126
MinimumVisualStudioVersion = 10.0.40219.1
Project("{FAE04EC0-301F-11D3-BF4B-00C04F79EFBC}") = "Famvin", "Famvin\Famvin.csproj", "{42D54CC0-D008-4B43-A4DD-1A1B65DE6358}"
EndProject
Project("{FAE04EC0-301F-11D3-BF4B-00C04F79EFBC}") = "Famvin.Tests", "Famvin.Tests\Famvin.Tests.csproj", "{A37C7B56-91F6-40CF-BBA0-69ABBC9F76CD}"
EndProject
Global
	GlobalSection(SolutionConfigurationPlatforms) = preSolution
		Debug|Any CPU = Debug|Any CPU
		Release|Any CPU = Release|Any CPU
	EndGlobalSection
	GlobalSection(ProjectConfigurationPlatforms) = postSolution
		{42D54CC0-D008-4B43-A4DD-1A1B65DE6358}.Debug|Any CPU.ActiveCfg = Debug|Any CPU
		{42D54CC0-D008-4B43-A4DD-1A1B65DE6358}.Debug|Any CPU.Build.0 = Debug|Any CPU
		{42D54CC0-D008-4B43-A4DD-1A1B65DE6358}.Release|Any CPU.ActiveCfg = Release|Any CPU
		{42D54CC0-D008-4B43-A4DD-1A1B65DE6358}.Release|Any CPU.Build.0 = Release|Any CPU
		{A37C7B56-91F6-40CF-BBA0-69ABBC9F76CD}.Debug|Any CPU.ActiveCfg = Debug|Any CPU
		{A37C7B56-91F6-40CF-BBA0-69ABBC9F76CD}.Debug|Any CPU.Build.0 = Debug|Any CPU
		{A37C7B56-91F6-40CF-BBA0-69ABBC9F76CD}.Release|Any CPU.ActiveCfg = Release|Any CPU
		{A37C7B56-91F6-40CF-BBA0-69ABBC9F76CD}.Release|Any CPU.Build.0 = Release|Any CPU
	EndGlobalSection
	GlobalSection(SolutionProperties) = preSolution
		HideSolutionNode = FALSE
	EndGlobalSection
	GlobalSection(ExtensibilityGlobals) = postSolution
		SolutionGuid = {47B2F974-EA17-4236-99D3-4192B8DB4F88}
	EndGlobalSection
EndGlobal
